
Microsoft Visual Studio Solution File, Format Version 12.00
# Visual Studio Version 16
VisualStudioVersion = 16.0.30804.86
MinimumVisualStudioVersion = 10.0.40219.1
Project("{FAE04EC0-301F-11D3-BF4B-00C04F79EFBC}") = "CacheOperations", "CacheOperations.csproj", "{24A16828-4F6F-4F3A-9C93-EC9C49B6DD75}"
EndProject
Project("{FAE04EC0-301F-11D3-BF4B-00C04F79EFBC}") = "CacheOperations.Tests", "CacheOperations.Tests\CacheOperations.Tests.csproj", "{FF7BC667-EFD9-4EA1-B033-634CB638A91C}"
EndProject
Global
	GlobalSection(SolutionConfigurationPlatforms) = preSolution
		Debug|Any CPU = Debug|Any CPU
		Release|Any CPU = Release|Any CPU
	EndGlobalSection
	GlobalSection(ProjectConfigurationPlatforms) = postSolution
		{24A16828-4F6F-4F3A-9C93-EC9C49B6DD75}.Debug|Any CPU.ActiveCfg = Debug|Any CPU
		{24A16828-4F6F-4F3A-9C93-EC9C49B6DD75}.Debug|Any CPU.Build.0 = Debug|Any CPU
		{24A16828-4F6F-4F3A-9C93-EC9C49B6DD75}.Release|Any CPU.ActiveCfg = Release|Any CPU
		{24A16828-4F6F-4F3A-9C93-EC9C49B6DD75}.Release|Any CPU.Build.0 = Release|Any CPU
		{FF7BC667-EFD9-4EA1-B033-634CB638A91C}.Debug|Any CPU.ActiveCfg = Debug|Any CPU
		{FF7BC667-EFD9-4EA1-B033-634CB638A91C}.Debug|Any CPU.Build.0 = Debug|Any CPU
		{FF7BC667-EFD9-4EA1-B033-634CB638A91C}.Release|Any CPU.ActiveCfg = Release|Any CPU
		{FF7BC667-EFD9-4EA1-B033-634CB638A91C}.Release|Any CPU.Build.0 = Release|Any CPU
	EndGlobalSection
	GlobalSection(SolutionProperties) = preSolution
		HideSolutionNode = FALSE
	EndGlobalSection
	GlobalSection(ExtensibilityGlobals) = postSolution
		SolutionGuid = {51B1D488-DC99-46B7-B5E0-8D289F050DCB}
	EndGlobalSection
EndGlobal
